lockfileVersion: '9.0'

settings:
  autoInstallPeers: true
  excludeLinksFromLockfile: false

overrides:
  '@helios-lang/cbor': workspace:^
  '@helios-lang/cli-utils': workspace:^
  '@helios-lang/compat': workspace:^
  '@helios-lang/compiler': workspace:^
  '@helios-lang/compiler-utils': workspace:^
  '@helios-lang/codec-utils': workspace:^
  '@helios-lang/contract-utils': workspace:^
  '@helios-lang/crypto': workspace:^
  '@helios-lang/era': workspace:^
  '@helios-lang/esbuild-plugin': workspace:^
  '@helios-lang/ir': workspace:^
  '@helios-lang/ledger': workspace:^
  '@helios-lang/ledger-allegra': workspace:^
  '@helios-lang/ledger-alonzo': workspace:^
  '@helios-lang/ledger-babbage': workspace:^
  '@helios-lang/ledger-byron': workspace:^
  '@helios-lang/ledger-conway': workspace:^
  '@helios-lang/ledger-mary': workspace:^
  '@helios-lang/ledger-shelley': workspace:^
  '@helios-lang/rollup-plugin': workspace:^
  '@helios-lang/tx-utils': workspace:^
  '@helios-lang/type-utils': workspace:^
  '@helios-lang/uplc': workspace:^

importers:

  .: {}

  cbor:
    dependencies:
      '@helios-lang/codec-utils':
        specifier: workspace:^
        version: link:../codec-utils
      '@helios-lang/type-utils':
        specifier: workspace:^
        version: link:../type-utils
    devDependencies:
      '@types/node':
        specifier: ^20.10.0
        version: 20.16.3
      prettier:
        specifier: ^3.1.0
        version: 3.3.3
      typescript:
        specifier: ^5.3.2
        version: 5.5.4

  cli-utils:
    dependencies:
      '@helios-lang/codec-utils':
        specifier: workspace:^
        version: link:../codec-utils
      '@helios-lang/type-utils':
        specifier: workspace:^
        version: link:../type-utils
    devDependencies:
      '@types/node':
        specifier: ^20.12.5
        version: 20.16.3
      prettier:
        specifier: ^3.2.5
        version: 3.3.3
      typescript:
        specifier: ^5.4.4
        version: 5.5.4

  codec-utils:
    devDependencies:
      '@types/node':
        specifier: ^20.10.0
        version: 20.16.3
      prettier:
        specifier: ^3.1.0
        version: 3.3.3
      typescript:
        specifier: ^5.3.2
        version: 5.5.4

  compat:
    dependencies:
      '@helios-lang/codec-utils':
        specifier: workspace:^
        version: link:../codec-utils
      '@helios-lang/compiler':
        specifier: workspace:^
        version: link:../compiler
      '@helios-lang/crypto':
        specifier: workspace:^
        version: link:../crypto
      '@helios-lang/ledger':
        specifier: workspace:^
        version: link:../ledger
      '@helios-lang/tx-utils':
        specifier: workspace:^
        version: link:../tx-utils
      '@helios-lang/uplc':
        specifier: workspace:^
        version: link:../uplc
    devDependencies:
      prettier:
        specifier: ^3.3.3
        version: 3.3.3
      typescript:
        specifier: ^5.5.4
        version: 5.5.4

  compiler:
    dependencies:
      '@helios-lang/codec-utils':
        specifier: workspace:^
        version: link:../codec-utils
      '@helios-lang/compiler-utils':
        specifier: workspace:^
        version: link:../compiler-utils
      '@helios-lang/ir':
        specifier: workspace:^
        version: link:../ir
      '@helios-lang/type-utils':
        specifier: workspace:^
        version: link:../type-utils
      '@helios-lang/uplc':
        specifier: workspace:^
        version: link:../uplc
    devDependencies:
      '@types/node':
        specifier: ^20.14.10
        version: 20.16.3
      prettier:
        specifier: ^3.3.2
        version: 3.3.3
      typescript:
        specifier: ^4.9.5
        version: 4.9.5

  compiler-utils:
    dependencies:
      '@helios-lang/codec-utils':
        specifier: workspace:^
        version: link:../codec-utils
      '@helios-lang/type-utils':
        specifier: workspace:^
        version: link:../type-utils
    devDependencies:
      '@types/node':
        specifier: ^20.11.24
        version: 20.16.3
      prettier:
        specifier: ^3.1.0
        version: 3.3.3
      typescript:
        specifier: ^5.3.2
        version: 5.5.4

  contract-utils:
    dependencies:
      '@helios-lang/cli-utils':
        specifier: workspace:^
        version: link:../cli-utils
      '@helios-lang/codec-utils':
        specifier: workspace:^
        version: link:../codec-utils
      '@helios-lang/compiler':
        specifier: workspace:^
        version: link:../compiler
      '@helios-lang/compiler-utils':
        specifier: workspace:^
        version: link:../compiler-utils
      '@helios-lang/ledger':
        specifier: workspace:^
        version: link:../ledger
      '@helios-lang/type-utils':
        specifier: workspace:^
        version: link:../type-utils
      '@helios-lang/uplc':
        specifier: workspace:^
        version: link:../uplc
    devDependencies:
      '@types/node':
        specifier: ^20.11.24
        version: 20.16.3
      prettier:
        specifier: ^3.1.0
        version: 3.3.3
      typescript:
        specifier: ^5.3.2
        version: 5.5.4

  crypto:
    dependencies:
      '@helios-lang/codec-utils':
        specifier: workspace:^
        version: link:../codec-utils
    devDependencies:
      '@types/node':
        specifier: ^20.10.4
        version: 20.16.3
      prettier:
        specifier: ^3.1.0
        version: 3.3.3
      typescript:
        specifier: ^5.3.3
        version: 5.5.4

  era:
    devDependencies:
      prettier:
        specifier: ^3.3.3
        version: 3.3.3
      typescript:
        specifier: ^5.5.4
        version: 5.5.4

  esbuild-plugin:
    dependencies:
      esbuild:
        specifier: ^0.20.2
        version: 0.20.2
    devDependencies:
      '@types/node':
        specifier: ^20.12.7
        version: 20.16.3
      prettier:
        specifier: ^3.1.1
        version: 3.3.3
      typescript:
        specifier: ^5.4.5
        version: 5.5.4

  ir:
    dependencies:
      '@helios-lang/codec-utils':
        specifier: workspace:^
        version: link:../codec-utils
      '@helios-lang/compiler-utils':
        specifier: workspace:^
        version: link:../compiler-utils
      '@helios-lang/type-utils':
        specifier: workspace:^
        version: link:../type-utils
      '@helios-lang/uplc':
        specifier: workspace:^
        version: link:../uplc
    devDependencies:
      '@types/node':
        specifier: ^20.14.8
        version: 20.16.3
      prettier:
        specifier: ^3.3.2
        version: 3.3.3
      typescript:
        specifier: ^5.5.2
        version: 5.5.4

  ledger:
    dependencies:
      '@helios-lang/ledger-conway':
        specifier: workspace:^
        version: link:../ledger-conway
    devDependencies:
      '@types/node':
        specifier: ^20.11.24
        version: 20.16.3
      prettier:
        specifier: ^3.1.0
        version: 3.3.3
      typescript:
        specifier: ^5.3.2
        version: 5.5.4

  ledger-allegra:
    dependencies:
      '@helios-lang/cbor':
        specifier: workspace:^
        version: link:../cbor
      '@helios-lang/codec-utils':
        specifier: workspace:^
        version: link:../codec-utils
      '@helios-lang/crypto':
        specifier: workspace:^
        version: link:../crypto
      '@helios-lang/ledger-shelley':
        specifier: workspace:^
        version: link:../ledger-shelley
      '@helios-lang/uplc':
        specifier: workspace:^
        version: link:../uplc
    devDependencies:
      '@types/node':
        specifier: ^22.5.0
        version: 22.5.2
      prettier:
        specifier: ^3.3.3
        version: 3.3.3
      typescript:
        specifier: ^5.5.4
        version: 5.5.4

  ledger-alonzo:
    dependencies:
      '@helios-lang/uplc':
        specifier: workspace:^
        version: link:../uplc
    devDependencies:
      '@types/node':
        specifier: ^22.5.0
        version: 22.5.2
      prettier:
        specifier: ^3.3.3
        version: 3.3.3
      typescript:
        specifier: ^5.5.4
        version: 5.5.4

  ledger-babbage:
    dependencies:
      '@helios-lang/cbor':
        specifier: workspace:^
        version: link:../cbor
      '@helios-lang/codec-utils':
        specifier: workspace:^
        version: link:../codec-utils
      '@helios-lang/crypto':
        specifier: workspace:^
        version: link:../crypto
      '@helios-lang/ledger-allegra':
        specifier: workspace:^
        version: link:../ledger-allegra
      '@helios-lang/ledger-alonzo':
        specifier: workspace:^
        version: link:../ledger-alonzo
      '@helios-lang/ledger-shelley':
        specifier: workspace:^
        version: link:../ledger-shelley
      '@helios-lang/type-utils':
        specifier: workspace:^
        version: link:../type-utils
      '@helios-lang/uplc':
        specifier: workspace:^
        version: link:../uplc
    devDependencies:
      '@types/node':
        specifier: ^22.5.0
        version: 22.5.2
      prettier:
        specifier: ^3.3.3
        version: 3.3.3
      typescript:
        specifier: ^5.5.4
        version: 5.5.4

  ledger-byron:
    dependencies:
      '@helios-lang/cbor':
        specifier: workspace:^
        version: link:../cbor
      '@helios-lang/codec-utils':
        specifier: workspace:^
        version: link:../codec-utils
      '@helios-lang/type-utils':
        specifier: workspace:^
        version: link:../type-utils
    devDependencies:
      '@types/node':
        specifier: ^22.5.0
        version: 22.5.2
      prettier:
        specifier: ^3.3.3
        version: 3.3.3
      typescript:
        specifier: ^5.5.4
        version: 5.5.4

  ledger-conway:
    dependencies:
      '@helios-lang/cbor':
        specifier: workspace:^
        version: link:../cbor
      '@helios-lang/codec-utils':
        specifier: workspace:^
        version: link:../codec-utils
      '@helios-lang/crypto':
        specifier: workspace:^
        version: link:../crypto
      '@helios-lang/ledger-alonzo':
        specifier: workspace:^
        version: link:../ledger-alonzo
      '@helios-lang/ledger-babbage':
        specifier: workspace:^
        version: link:../ledger-babbage
      '@helios-lang/ledger-shelley':
        specifier: workspace:^
        version: link:../ledger-shelley
      '@helios-lang/type-utils':
        specifier: workspace:^
        version: link:../type-utils
      '@helios-lang/uplc':
        specifier: workspace:^
        version: link:../uplc
    devDependencies:
      '@types/node':
        specifier: ^22.5.0
        version: 22.5.2
      prettier:
        specifier: ^3.3.3
        version: 3.3.3
      typescript:
        specifier: ^5.5.4
        version: 5.5.4

  ledger-mary:
    devDependencies:
      '@types/node':
        specifier: ^22.5.0
        version: 22.5.2
      prettier:
        specifier: ^3.3.3
        version: 3.3.3
      typescript:
        specifier: ^5.5.4
        version: 5.5.4

  ledger-shelley:
    dependencies:
      '@helios-lang/cbor':
        specifier: workspace:^
        version: link:../cbor
      '@helios-lang/codec-utils':
        specifier: workspace:^
        version: link:../codec-utils
      '@helios-lang/type-utils':
        specifier: workspace:^
        version: link:../type-utils
      '@helios-lang/uplc':
        specifier: workspace:^
        version: link:../uplc
    devDependencies:
      '@types/node':
        specifier: ^22.5.0
        version: 22.5.2
      prettier:
        specifier: ^3.3.3
        version: 3.3.3
      typescript:
        specifier: ^5.5.4
        version: 5.5.4

  rollup-plugin:
    dependencies:
      '@helios-lang/esbuild-plugin':
        specifier: workspace:^
        version: link:../esbuild-plugin
    devDependencies:
      prettier:
        specifier: ^3.2.5
        version: 3.3.3
      rollup:
        specifier: ^4.16.4
        version: 4.21.2
      typescript:
        specifier: ^5.4.5
        version: 5.5.4

  tx-utils:
    dependencies:
      '@helios-lang/codec-utils':
        specifier: workspace:^
        version: link:../codec-utils
      '@helios-lang/crypto':
        specifier: workspace:^
        version: link:../crypto
      '@helios-lang/ledger':
        specifier: workspace:^
        version: link:../ledger
      '@helios-lang/ledger-shelley':
        specifier: workspace:^
        version: link:../ledger-shelley
      '@helios-lang/type-utils':
        specifier: workspace:^
        version: link:../type-utils
      '@helios-lang/uplc':
        specifier: workspace:^
        version: link:../uplc
    devDependencies:
      '@types/node':
        specifier: ^20.12.4
        version: 20.16.3
      prettier:
        specifier: ^3.2.5
        version: 3.3.3
      typescript:
        specifier: ^5.4.4
        version: 5.5.4

  type-utils:
    devDependencies:
      '@types/node':
        specifier: ^20.14.0
        version: 20.16.3
      prettier:
        specifier: ^3.1.0
        version: 3.3.3
      typescript:
        specifier: ^5.4.0
        version: 5.5.4

  uplc:
    dependencies:
      '@helios-lang/cbor':
        specifier: workspace:^
        version: link:../cbor
      '@helios-lang/codec-utils':
        specifier: workspace:^
        version: link:../codec-utils
      '@helios-lang/compiler-utils':
        specifier: workspace:^
        version: link:../compiler-utils
      '@helios-lang/crypto':
        specifier: workspace:^
        version: link:../crypto
      '@helios-lang/era':
        specifier: workspace:^
        version: link:../era
      '@helios-lang/type-utils':
        specifier: workspace:^
        version: link:../type-utils
    devDependencies:
      '@types/node':
        specifier: ^20.11.24
        version: 20.16.3
      prettier:
        specifier: ^3.1.0
        version: 3.3.3
      typescript:
        specifier: ^5.3.2
        version: 5.5.4

packages:

  '@esbuild/aix-ppc64@0.20.2':
    resolution: {integrity: sha512-D+EBOJHXdNZcLJRBkhENNG8Wji2kgc9AZ9KiPr1JuZjsNtyHzrsfLRrY0tk2H2aoFu6RANO1y1iPPUCDYWkb5g==}
    engines: {node: '>=12'}
    cpu: [ppc64]
    os: [aix]

  '@esbuild/android-arm64@0.20.2':
    resolution: {integrity: sha512-mRzjLacRtl/tWU0SvD8lUEwb61yP9cqQo6noDZP/O8VkwafSYwZ4yWy24kan8jE/IMERpYncRt2dw438LP3Xmg==}
    engines: {node: '>=12'}
    cpu: [arm64]
    os: [android]

  '@esbuild/android-arm@0.20.2':
    resolution: {integrity: sha512-t98Ra6pw2VaDhqNWO2Oph2LXbz/EJcnLmKLGBJwEwXX/JAN83Fym1rU8l0JUWK6HkIbWONCSSatf4sf2NBRx/w==}
    engines: {node: '>=12'}
    cpu: [arm]
    os: [android]

  '@esbuild/android-x64@0.20.2':
    resolution: {integrity: sha512-btzExgV+/lMGDDa194CcUQm53ncxzeBrWJcncOBxuC6ndBkKxnHdFJn86mCIgTELsooUmwUm9FkhSp5HYu00Rg==}
    engines: {node: '>=12'}
    cpu: [x64]
    os: [android]

  '@esbuild/darwin-arm64@0.20.2':
    resolution: {integrity: sha512-4J6IRT+10J3aJH3l1yzEg9y3wkTDgDk7TSDFX+wKFiWjqWp/iCfLIYzGyasx9l0SAFPT1HwSCR+0w/h1ES/MjA==}
    engines: {node: '>=12'}
    cpu: [arm64]
    os: [darwin]

  '@esbuild/darwin-x64@0.20.2':
    resolution: {integrity: sha512-tBcXp9KNphnNH0dfhv8KYkZhjc+H3XBkF5DKtswJblV7KlT9EI2+jeA8DgBjp908WEuYll6pF+UStUCfEpdysA==}
    engines: {node: '>=12'}
    cpu: [x64]
    os: [darwin]

  '@esbuild/freebsd-arm64@0.20.2':
    resolution: {integrity: sha512-d3qI41G4SuLiCGCFGUrKsSeTXyWG6yem1KcGZVS+3FYlYhtNoNgYrWcvkOoaqMhwXSMrZRl69ArHsGJ9mYdbbw==}
    engines: {node: '>=12'}
    cpu: [arm64]
    os: [freebsd]

  '@esbuild/freebsd-x64@0.20.2':
    resolution: {integrity: sha512-d+DipyvHRuqEeM5zDivKV1KuXn9WeRX6vqSqIDgwIfPQtwMP4jaDsQsDncjTDDsExT4lR/91OLjRo8bmC1e+Cw==}
    engines: {node: '>=12'}
    cpu: [x64]
    os: [freebsd]

  '@esbuild/linux-arm64@0.20.2':
    resolution: {integrity: sha512-9pb6rBjGvTFNira2FLIWqDk/uaf42sSyLE8j1rnUpuzsODBq7FvpwHYZxQ/It/8b+QOS1RYfqgGFNLRI+qlq2A==}
    engines: {node: '>=12'}
    cpu: [arm64]
    os: [linux]

  '@esbuild/linux-arm@0.20.2':
    resolution: {integrity: sha512-VhLPeR8HTMPccbuWWcEUD1Az68TqaTYyj6nfE4QByZIQEQVWBB8vup8PpR7y1QHL3CpcF6xd5WVBU/+SBEvGTg==}
    engines: {node: '>=12'}
    cpu: [arm]
    os: [linux]

  '@esbuild/linux-ia32@0.20.2':
    resolution: {integrity: sha512-o10utieEkNPFDZFQm9CoP7Tvb33UutoJqg3qKf1PWVeeJhJw0Q347PxMvBgVVFgouYLGIhFYG0UGdBumROyiig==}
    engines: {node: '>=12'}
    cpu: [ia32]
    os: [linux]

  '@esbuild/linux-loong64@0.20.2':
    resolution: {integrity: sha512-PR7sp6R/UC4CFVomVINKJ80pMFlfDfMQMYynX7t1tNTeivQ6XdX5r2XovMmha/VjR1YN/HgHWsVcTRIMkymrgQ==}
    engines: {node: '>=12'}
    cpu: [loong64]
    os: [linux]

  '@esbuild/linux-mips64el@0.20.2':
    resolution: {integrity: sha512-4BlTqeutE/KnOiTG5Y6Sb/Hw6hsBOZapOVF6njAESHInhlQAghVVZL1ZpIctBOoTFbQyGW+LsVYZ8lSSB3wkjA==}
    engines: {node: '>=12'}
    cpu: [mips64el]
    os: [linux]

  '@esbuild/linux-ppc64@0.20.2':
    resolution: {integrity: sha512-rD3KsaDprDcfajSKdn25ooz5J5/fWBylaaXkuotBDGnMnDP1Uv5DLAN/45qfnf3JDYyJv/ytGHQaziHUdyzaAg==}
    engines: {node: '>=12'}
    cpu: [ppc64]
    os: [linux]

  '@esbuild/linux-riscv64@0.20.2':
    resolution: {integrity: sha512-snwmBKacKmwTMmhLlz/3aH1Q9T8v45bKYGE3j26TsaOVtjIag4wLfWSiZykXzXuE1kbCE+zJRmwp+ZbIHinnVg==}
    engines: {node: '>=12'}
    cpu: [riscv64]
    os: [linux]

  '@esbuild/linux-s390x@0.20.2':
    resolution: {integrity: sha512-wcWISOobRWNm3cezm5HOZcYz1sKoHLd8VL1dl309DiixxVFoFe/o8HnwuIwn6sXre88Nwj+VwZUvJf4AFxkyrQ==}
    engines: {node: '>=12'}
    cpu: [s390x]
    os: [linux]

  '@esbuild/linux-x64@0.20.2':
    resolution: {integrity: sha512-1MdwI6OOTsfQfek8sLwgyjOXAu+wKhLEoaOLTjbijk6E2WONYpH9ZU2mNtR+lZ2B4uwr+usqGuVfFT9tMtGvGw==}
    engines: {node: '>=12'}
    cpu: [x64]
    os: [linux]

  '@esbuild/netbsd-x64@0.20.2':
    resolution: {integrity: sha512-K8/DhBxcVQkzYc43yJXDSyjlFeHQJBiowJ0uVL6Tor3jGQfSGHNNJcWxNbOI8v5k82prYqzPuwkzHt3J1T1iZQ==}
    engines: {node: '>=12'}
    cpu: [x64]
    os: [netbsd]

  '@esbuild/openbsd-x64@0.20.2':
    resolution: {integrity: sha512-eMpKlV0SThJmmJgiVyN9jTPJ2VBPquf6Kt/nAoo6DgHAoN57K15ZghiHaMvqjCye/uU4X5u3YSMgVBI1h3vKrQ==}
    engines: {node: '>=12'}
    cpu: [x64]
    os: [openbsd]

  '@esbuild/sunos-x64@0.20.2':
    resolution: {integrity: sha512-2UyFtRC6cXLyejf/YEld4Hajo7UHILetzE1vsRcGL3earZEW77JxrFjH4Ez2qaTiEfMgAXxfAZCm1fvM/G/o8w==}
    engines: {node: '>=12'}
    cpu: [x64]
    os: [sunos]

  '@esbuild/win32-arm64@0.20.2':
    resolution: {integrity: sha512-GRibxoawM9ZCnDxnP3usoUDO9vUkpAxIIZ6GQI+IlVmr5kP3zUq+l17xELTHMWTWzjxa2guPNyrpq1GWmPvcGQ==}
    engines: {node: '>=12'}
    cpu: [arm64]
    os: [win32]

  '@esbuild/win32-ia32@0.20.2':
    resolution: {integrity: sha512-HfLOfn9YWmkSKRQqovpnITazdtquEW8/SoHW7pWpuEeguaZI4QnCRW6b+oZTztdBnZOS2hqJ6im/D5cPzBTTlQ==}
    engines: {node: '>=12'}
    cpu: [ia32]
    os: [win32]

  '@esbuild/win32-x64@0.20.2':
    resolution: {integrity: sha512-N49X4lJX27+l9jbLKSqZ6bKNjzQvHaT8IIFUy+YIqmXQdjYCToGWwOItDrfby14c78aDd5NHQl29xingXfCdLQ==}
    engines: {node: '>=12'}
    cpu: [x64]
    os: [win32]

  '@rollup/rollup-android-arm-eabi@4.21.2':
    resolution: {integrity: sha512-fSuPrt0ZO8uXeS+xP3b+yYTCBUd05MoSp2N/MFOgjhhUhMmchXlpTQrTpI8T+YAwAQuK7MafsCOxW7VrPMrJcg==}
    cpu: [arm]
    os: [android]

  '@rollup/rollup-android-arm64@4.21.2':
    resolution: {integrity: sha512-xGU5ZQmPlsjQS6tzTTGwMsnKUtu0WVbl0hYpTPauvbRAnmIvpInhJtgjj3mcuJpEiuUw4v1s4BimkdfDWlh7gA==}
    cpu: [arm64]
    os: [android]

  '@rollup/rollup-darwin-arm64@4.21.2':
    resolution: {integrity: sha512-99AhQ3/ZMxU7jw34Sq8brzXqWH/bMnf7ZVhvLk9QU2cOepbQSVTns6qoErJmSiAvU3InRqC2RRZ5ovh1KN0d0Q==}
    cpu: [arm64]
    os: [darwin]

  '@rollup/rollup-darwin-x64@4.21.2':
    resolution: {integrity: sha512-ZbRaUvw2iN/y37x6dY50D8m2BnDbBjlnMPotDi/qITMJ4sIxNY33HArjikDyakhSv0+ybdUxhWxE6kTI4oX26w==}
    cpu: [x64]
    os: [darwin]

  '@rollup/rollup-linux-arm-gnueabihf@4.21.2':
    resolution: {integrity: sha512-ztRJJMiE8nnU1YFcdbd9BcH6bGWG1z+jP+IPW2oDUAPxPjo9dverIOyXz76m6IPA6udEL12reYeLojzW2cYL7w==}
    cpu: [arm]
    os: [linux]

  '@rollup/rollup-linux-arm-musleabihf@4.21.2':
    resolution: {integrity: sha512-flOcGHDZajGKYpLV0JNc0VFH361M7rnV1ee+NTeC/BQQ1/0pllYcFmxpagltANYt8FYf9+kL6RSk80Ziwyhr7w==}
    cpu: [arm]
    os: [linux]

  '@rollup/rollup-linux-arm64-gnu@4.21.2':
    resolution: {integrity: sha512-69CF19Kp3TdMopyteO/LJbWufOzqqXzkrv4L2sP8kfMaAQ6iwky7NoXTp7bD6/irKgknDKM0P9E/1l5XxVQAhw==}
    cpu: [arm64]
    os: [linux]

  '@rollup/rollup-linux-arm64-musl@4.21.2':
    resolution: {integrity: sha512-48pD/fJkTiHAZTnZwR0VzHrao70/4MlzJrq0ZsILjLW/Ab/1XlVUStYyGt7tdyIiVSlGZbnliqmult/QGA2O2w==}
    cpu: [arm64]
    os: [linux]

  '@rollup/rollup-linux-powerpc64le-gnu@4.21.2':
    resolution: {integrity: sha512-cZdyuInj0ofc7mAQpKcPR2a2iu4YM4FQfuUzCVA2u4HI95lCwzjoPtdWjdpDKyHxI0UO82bLDoOaLfpZ/wviyQ==}
    cpu: [ppc64]
    os: [linux]

  '@rollup/rollup-linux-riscv64-gnu@4.21.2':
    resolution: {integrity: sha512-RL56JMT6NwQ0lXIQmMIWr1SW28z4E4pOhRRNqwWZeXpRlykRIlEpSWdsgNWJbYBEWD84eocjSGDu/XxbYeCmwg==}
    cpu: [riscv64]
    os: [linux]

  '@rollup/rollup-linux-s390x-gnu@4.21.2':
    resolution: {integrity: sha512-PMxkrWS9z38bCr3rWvDFVGD6sFeZJw4iQlhrup7ReGmfn7Oukrr/zweLhYX6v2/8J6Cep9IEA/SmjXjCmSbrMQ==}
    cpu: [s390x]
    os: [linux]

  '@rollup/rollup-linux-x64-gnu@4.21.2':
    resolution: {integrity: sha512-B90tYAUoLhU22olrafY3JQCFLnT3NglazdwkHyxNDYF/zAxJt5fJUB/yBoWFoIQ7SQj+KLe3iL4BhOMa9fzgpw==}
    cpu: [x64]
    os: [linux]

  '@rollup/rollup-linux-x64-musl@4.21.2':
    resolution: {integrity: sha512-7twFizNXudESmC9oneLGIUmoHiiLppz/Xs5uJQ4ShvE6234K0VB1/aJYU3f/4g7PhssLGKBVCC37uRkkOi8wjg==}
    cpu: [x64]
    os: [linux]

  '@rollup/rollup-win32-arm64-msvc@4.21.2':
    resolution: {integrity: sha512-9rRero0E7qTeYf6+rFh3AErTNU1VCQg2mn7CQcI44vNUWM9Ze7MSRS/9RFuSsox+vstRt97+x3sOhEey024FRQ==}
    cpu: [arm64]
    os: [win32]

  '@rollup/rollup-win32-ia32-msvc@4.21.2':
    resolution: {integrity: sha512-5rA4vjlqgrpbFVVHX3qkrCo/fZTj1q0Xxpg+Z7yIo3J2AilW7t2+n6Q8Jrx+4MrYpAnjttTYF8rr7bP46BPzRw==}
    cpu: [ia32]
    os: [win32]

  '@rollup/rollup-win32-x64-msvc@4.21.2':
    resolution: {integrity: sha512-6UUxd0+SKomjdzuAcp+HAmxw1FlGBnl1v2yEPSabtx4lBfdXHDVsW7+lQkgz9cNFJGY3AWR7+V8P5BqkD9L9nA==}
    cpu: [x64]
    os: [win32]

  '@types/estree@1.0.5':
    resolution: {integrity: sha512-/kYRxGDLWzHOB7q+wtSUQlFrtcdUccpfy+X+9iMBpHK8QLLhx2wIPYuS5DYtR9Wa/YlZAbIovy7qVdB1Aq6Lyw==}

  '@types/node@20.16.3':
    resolution: {integrity: sha512-/wdGiWRkMOm53gAsSyFMXFZHbVg7C6CbkrzHNpaHoYfsUWPg7m6ZRKtvQjgvQ9i8WT540a3ydRlRQbxjY30XxQ==}

  '@types/node@22.5.2':
    resolution: {integrity: sha512-acJsPTEqYqulZS/Yp/S3GgeE6GZ0qYODUR8aVr/DkhHQ8l9nd4j5x1/ZJy9/gHrRlFMqkO6i0I3E27Alu4jjPg==}

  esbuild@0.20.2:
    resolution: {integrity: sha512-WdOOppmUNU+IbZ0PaDiTst80zjnrOkyJNHoKupIcVyU8Lvla3Ugx94VzkQ32Ijqd7UhHJy75gNWDMUekcrSJ6g==}
    engines: {node: '>=12'}
    hasBin: true

  fsevents@2.3.3:
    resolution: {integrity: sha512-5xoDfX+fL7faATnagmWPpbFtwh/R77WmMMqqHGS65C3vvB0YHrgF+B1YmZ3441tMj5n63k0212XNoJwzlhffQw==}
    engines: {node: ^8.16.0 || ^10.6.0 || >=11.0.0}
    os: [darwin]

  prettier@3.3.3:
    resolution: {integrity: sha512-i2tDNA0O5IrMO757lfrdQZCc2jPNDVntV0m/+4whiDfWaTKfMNgR7Qz0NAeGz/nRqF4m5/6CLzbP4/liHt12Ew==}
    engines: {node: '>=14'}
    hasBin: true

  rollup@4.21.2:
    resolution: {integrity: sha512-e3TapAgYf9xjdLvKQCkQTnbTKd4a6jwlpQSJJFokHGaX2IVjoEqkIIhiQfqsi0cdwlOD+tQGuOd5AJkc5RngBw==}
    engines: {node: '>=18.0.0', npm: '>=8.0.0'}
    hasBin: true

  typescript@4.9.5:
    resolution: {integrity: sha512-1FXk9E2Hm+QzZQ7z+McJiHL4NW1F2EzMu9Nq9i3zAaGqibafqYwCVU6WyWAuyQRRzOlxou8xZSyXLEN8oKj24g==}
    engines: {node: '>=4.2.0'}
    hasBin: true

  typescript@5.5.4:
    resolution: {integrity: sha512-Mtq29sKDAEYP7aljRgtPOpTvOfbwRWlS6dPRzwjdE+C0R4brX/GUyhHSecbHMFLNBLcJIPt9nl9yG5TZ1weH+Q==}
    engines: {node: '>=14.17'}
    hasBin: true

  undici-types@6.19.8:
    resolution: {integrity: sha512-ve2KP6f/JnbPBFyobGHuerC9g1FYGn/F8n1LWTwNxCEzd6IfqTwUQcNXgEtmmQ6DlRrC1hrSrBnCZPokRrDHjw==}

snapshots:

  '@esbuild/aix-ppc64@0.20.2':
    optional: true

  '@esbuild/android-arm64@0.20.2':
    optional: true

  '@esbuild/android-arm@0.20.2':
    optional: true

  '@esbuild/android-x64@0.20.2':
    optional: true

  '@esbuild/darwin-arm64@0.20.2':
    optional: true

  '@esbuild/darwin-x64@0.20.2':
    optional: true

  '@esbuild/freebsd-arm64@0.20.2':
    optional: true

  '@esbuild/freebsd-x64@0.20.2':
    optional: true

  '@esbuild/linux-arm64@0.20.2':
    optional: true

  '@esbuild/linux-arm@0.20.2':
    optional: true

  '@esbuild/linux-ia32@0.20.2':
    optional: true

  '@esbuild/linux-loong64@0.20.2':
    optional: true

  '@esbuild/linux-mips64el@0.20.2':
    optional: true

  '@esbuild/linux-ppc64@0.20.2':
    optional: true

  '@esbuild/linux-riscv64@0.20.2':
    optional: true

  '@esbuild/linux-s390x@0.20.2':
    optional: true

  '@esbuild/linux-x64@0.20.2':
    optional: true

  '@esbuild/netbsd-x64@0.20.2':
    optional: true

  '@esbuild/openbsd-x64@0.20.2':
    optional: true

  '@esbuild/sunos-x64@0.20.2':
    optional: true

  '@esbuild/win32-arm64@0.20.2':
    optional: true

  '@esbuild/win32-ia32@0.20.2':
    optional: true

  '@esbuild/win32-x64@0.20.2':
    optional: true

  '@rollup/rollup-android-arm-eabi@4.21.2':
    optional: true

  '@rollup/rollup-android-arm64@4.21.2':
    optional: true

  '@rollup/rollup-darwin-arm64@4.21.2':
    optional: true

  '@rollup/rollup-darwin-x64@4.21.2':
    optional: true

  '@rollup/rollup-linux-arm-gnueabihf@4.21.2':
    optional: true

  '@rollup/rollup-linux-arm-musleabihf@4.21.2':
    optional: true

  '@rollup/rollup-linux-arm64-gnu@4.21.2':
    optional: true

  '@rollup/rollup-linux-arm64-musl@4.21.2':
    optional: true

  '@rollup/rollup-linux-powerpc64le-gnu@4.21.2':
    optional: true

  '@rollup/rollup-linux-riscv64-gnu@4.21.2':
    optional: true

  '@rollup/rollup-linux-s390x-gnu@4.21.2':
    optional: true

  '@rollup/rollup-linux-x64-gnu@4.21.2':
    optional: true

  '@rollup/rollup-linux-x64-musl@4.21.2':
    optional: true

  '@rollup/rollup-win32-arm64-msvc@4.21.2':
    optional: true

  '@rollup/rollup-win32-ia32-msvc@4.21.2':
    optional: true

  '@rollup/rollup-win32-x64-msvc@4.21.2':
    optional: true

  '@types/estree@1.0.5': {}

  '@types/node@20.16.3':
    dependencies:
      undici-types: 6.19.8

  '@types/node@22.5.2':
    dependencies:
      undici-types: 6.19.8

  esbuild@0.20.2:
    optionalDependencies:
      '@esbuild/aix-ppc64': 0.20.2
      '@esbuild/android-arm': 0.20.2
      '@esbuild/android-arm64': 0.20.2
      '@esbuild/android-x64': 0.20.2
      '@esbuild/darwin-arm64': 0.20.2
      '@esbuild/darwin-x64': 0.20.2
      '@esbuild/freebsd-arm64': 0.20.2
      '@esbuild/freebsd-x64': 0.20.2
      '@esbuild/linux-arm': 0.20.2
      '@esbuild/linux-arm64': 0.20.2
      '@esbuild/linux-ia32': 0.20.2
      '@esbuild/linux-loong64': 0.20.2
      '@esbuild/linux-mips64el': 0.20.2
      '@esbuild/linux-ppc64': 0.20.2
      '@esbuild/linux-riscv64': 0.20.2
      '@esbuild/linux-s390x': 0.20.2
      '@esbuild/linux-x64': 0.20.2
      '@esbuild/netbsd-x64': 0.20.2
      '@esbuild/openbsd-x64': 0.20.2
      '@esbuild/sunos-x64': 0.20.2
      '@esbuild/win32-arm64': 0.20.2
      '@esbuild/win32-ia32': 0.20.2
      '@esbuild/win32-x64': 0.20.2

  fsevents@2.3.3:
    optional: true

  prettier@3.3.3: {}

  rollup@4.21.2:
    dependencies:
      '@types/estree': 1.0.5
    optionalDependencies:
      '@rollup/rollup-android-arm-eabi': 4.21.2
      '@rollup/rollup-android-arm64': 4.21.2
      '@rollup/rollup-darwin-arm64': 4.21.2
      '@rollup/rollup-darwin-x64': 4.21.2
      '@rollup/rollup-linux-arm-gnueabihf': 4.21.2
      '@rollup/rollup-linux-arm-musleabihf': 4.21.2
      '@rollup/rollup-linux-arm64-gnu': 4.21.2
      '@rollup/rollup-linux-arm64-musl': 4.21.2
      '@rollup/rollup-linux-powerpc64le-gnu': 4.21.2
      '@rollup/rollup-linux-riscv64-gnu': 4.21.2
      '@rollup/rollup-linux-s390x-gnu': 4.21.2
      '@rollup/rollup-linux-x64-gnu': 4.21.2
      '@rollup/rollup-linux-x64-musl': 4.21.2
      '@rollup/rollup-win32-arm64-msvc': 4.21.2
      '@rollup/rollup-win32-ia32-msvc': 4.21.2
      '@rollup/rollup-win32-x64-msvc': 4.21.2
      fsevents: 2.3.3

  typescript@4.9.5: {}

  typescript@5.5.4: {}

  undici-types@6.19.8: {}
